
Microsoft Visual Studio Solution File, Format Version 12.00
# Visual Studio 15
VisualStudioVersion = 15.0.26124.0
MinimumVisualStudioVersion = 15.0.26124.0
Project("{2150E333-8FDC-42A3-9474-1A3956D46DE8}") = "Src", "Src", "{A0268AE2-14EA-436A-8F97-1935038F0264}"
EndProject
Project("{FAE04EC0-301F-11D3-BF4B-00C04F79EFBC}") = "App.Api", "Src\App.Api\App.Api.csproj", "{D342B622-82D7-44B3-83A5-66E8A3CD6DDE}"
EndProject
Project("{FAE04EC0-301F-11D3-BF4B-00C04F79EFBC}") = "App.Application", "Src\App.Application\App.Application.csproj", "{FE37EA95-5097-4E0D-BDFC-07024162A39E}"
EndProject
Project("{FAE04EC0-301F-11D3-BF4B-00C04F79EFBC}") = "App.Infrastructure", "Src\App.Infrastructure\App.Infrastructure.csproj", "{69972AE0-450F-4ED8-8DF0-75E0AE98640E}"
EndProject
Project("{FAE04EC0-301F-11D3-BF4B-00C04F79EFBC}") = "App.Core", "Src\App.Core\App.Core.csproj", "{927314A2-C9AD-44DB-A1DD-B5ED6447845A}"
EndProject
Global
	GlobalSection(SolutionConfigurationPlatforms) = preSolution
		Debug|Any CPU = Debug|Any CPU
		Debug|x64 = Debug|x64
		Debug|x86 = Debug|x86
		Release|Any CPU = Release|Any CPU
		Release|x64 = Release|x64
		Release|x86 = Release|x86
	EndGlobalSection
	GlobalSection(SolutionProperties) = preSolution
		HideSolutionNode = FALSE
	EndGlobalSection
	GlobalSection(ProjectConfigurationPlatforms) = postSolution
		{D342B622-82D7-44B3-83A5-66E8A3CD6DDE}.Debug|Any CPU.ActiveCfg = Debug|Any CPU
		{D342B622-82D7-44B3-83A5-66E8A3CD6DDE}.Debug|Any CPU.Build.0 = Debug|Any CPU
		{D342B622-82D7-44B3-83A5-66E8A3CD6DDE}.Debug|x64.ActiveCfg = Debug|Any CPU
		{D342B622-82D7-44B3-83A5-66E8A3CD6DDE}.Debug|x64.Build.0 = Debug|Any CPU
		{D342B622-82D7-44B3-83A5-66E8A3CD6DDE}.Debug|x86.ActiveCfg = Debug|Any CPU
		{D342B622-82D7-44B3-83A5-66E8A3CD6DDE}.Debug|x86.Build.0 = Debug|Any CPU
		{D342B622-82D7-44B3-83A5-66E8A3CD6DDE}.Release|Any CPU.ActiveCfg = Release|Any CPU
		{D342B622-82D7-44B3-83A5-66E8A3CD6DDE}.Release|Any CPU.Build.0 = Release|Any CPU
		{D342B622-82D7-44B3-83A5-66E8A3CD6DDE}.Release|x64.ActiveCfg = Release|Any CPU
		{D342B622-82D7-44B3-83A5-66E8A3CD6DDE}.Release|x64.Build.0 = Release|Any CPU
		{D342B622-82D7-44B3-83A5-66E8A3CD6DDE}.Release|x86.ActiveCfg = Release|Any CPU
		{D342B622-82D7-44B3-83A5-66E8A3CD6DDE}.Release|x86.Build.0 = Release|Any CPU
		{FE37EA95-5097-4E0D-BDFC-07024162A39E}.Debug|Any CPU.ActiveCfg = Debug|Any CPU
		{FE37EA95-5097-4E0D-BDFC-07024162A39E}.Debug|Any CPU.Build.0 = Debug|Any CPU
		{FE37EA95-5097-4E0D-BDFC-07024162A39E}.Debug|x64.ActiveCfg = Debug|Any CPU
		{FE37EA95-5097-4E0D-BDFC-07024162A39E}.Debug|x64.Build.0 = Debug|Any CPU
		{FE37EA95-5097-4E0D-BDFC-07024162A39E}.Debug|x86.ActiveCfg = Debug|Any CPU
		{FE37EA95-5097-4E0D-BDFC-07024162A39E}.Debug|x86.Build.0 = Debug|Any CPU
		{FE37EA95-5097-4E0D-BDFC-07024162A39E}.Release|Any CPU.ActiveCfg = Release|Any CPU
		{FE37EA95-5097-4E0D-BDFC-07024162A39E}.Release|Any CPU.Build.0 = Release|Any CPU
		{FE37EA95-5097-4E0D-BDFC-07024162A39E}.Release|x64.ActiveCfg = Release|Any CPU
		{FE37EA95-5097-4E0D-BDFC-07024162A39E}.Release|x64.Build.0 = Release|Any CPU
		{FE37EA95-5097-4E0D-BDFC-07024162A39E}.Release|x86.ActiveCfg = Release|Any CPU
		{FE37EA95-5097-4E0D-BDFC-07024162A39E}.Release|x86.Build.0 = Release|Any CPU
		{69972AE0-450F-4ED8-8DF0-75E0AE98640E}.Debug|Any CPU.ActiveCfg = Debug|Any CPU
		{69972AE0-450F-4ED8-8DF0-75E0AE98640E}.Debug|Any CPU.Build.0 = Debug|Any CPU
		{69972AE0-450F-4ED8-8DF0-75E0AE98640E}.Debug|x64.ActiveCfg = Debug|Any CPU
		{69972AE0-450F-4ED8-8DF0-75E0AE98640E}.Debug|x64.Build.0 = Debug|Any CPU
		{69972AE0-450F-4ED8-8DF0-75E0AE98640E}.Debug|x86.ActiveCfg = Debug|Any CPU
		{69972AE0-450F-4ED8-8DF0-75E0AE98640E}.Debug|x86.Build.0 = Debug|Any CPU
		{69972AE0-450F-4ED8-8DF0-75E0AE98640E}.Release|Any CPU.ActiveCfg = Release|Any CPU
		{69972AE0-450F-4ED8-8DF0-75E0AE98640E}.Release|Any CPU.Build.0 = Release|Any CPU
		{69972AE0-450F-4ED8-8DF0-75E0AE98640E}.Release|x64.ActiveCfg = Release|Any CPU
		{69972AE0-450F-4ED8-8DF0-75E0AE98640E}.Release|x64.Build.0 = Release|Any CPU
		{69972AE0-450F-4ED8-8DF0-75E0AE98640E}.Release|x86.ActiveCfg = Release|Any CPU
		{69972AE0-450F-4ED8-8DF0-75E0AE98640E}.Release|x86.Build.0 = Release|Any CPU
		{927314A2-C9AD-44DB-A1DD-B5ED6447845A}.Debug|Any CPU.ActiveCfg = Debug|Any CPU
		{927314A2-C9AD-44DB-A1DD-B5ED6447845A}.Debug|Any CPU.Build.0 = Debug|Any CPU
		{927314A2-C9AD-44DB-A1DD-B5ED6447845A}.Debug|x64.ActiveCfg = Debug|Any CPU
		{927314A2-C9AD-44DB-A1DD-B5ED6447845A}.Debug|x64.Build.0 = Debug|Any CPU
		{927314A2-C9AD-44DB-A1DD-B5ED6447845A}.Debug|x86.ActiveCfg = Debug|Any CPU
		{927314A2-C9AD-44DB-A1DD-B5ED6447845A}.Debug|x86.Build.0 = Debug|Any CPU
		{927314A2-C9AD-44DB-A1DD-B5ED6447845A}.Release|Any CPU.ActiveCfg = Release|Any CPU
		{927314A2-C9AD-44DB-A1DD-B5ED6447845A}.Release|Any CPU.Build.0 = Release|Any CPU
		{927314A2-C9AD-44DB-A1DD-B5ED6447845A}.Release|x64.ActiveCfg = Release|Any CPU
		{927314A2-C9AD-44DB-A1DD-B5ED6447845A}.Release|x64.Build.0 = Release|Any CPU
		{927314A2-C9AD-44DB-A1DD-B5ED6447845A}.Release|x86.ActiveCfg = Release|Any CPU
		{927314A2-C9AD-44DB-A1DD-B5ED6447845A}.Release|x86.Build.0 = Release|Any CPU
	EndGlobalSection
	GlobalSection(NestedProjects) = preSolution
		{D342B622-82D7-44B3-83A5-66E8A3CD6DDE} = {A0268AE2-14EA-436A-8F97-1935038F0264}
		{FE37EA95-5097-4E0D-BDFC-07024162A39E} = {A0268AE2-14EA-436A-8F97-1935038F0264}
		{69972AE0-450F-4ED8-8DF0-75E0AE98640E} = {A0268AE2-14EA-436A-8F97-1935038F0264}
		{927314A2-C9AD-44DB-A1DD-B5ED6447845A} = {A0268AE2-14EA-436A-8F97-1935038F0264}
	EndGlobalSection
EndGlobal
